PODS:
  - Alamofire (5.4.0)
  - AppAuth (1.4.0):
    - AppAuth/Core (= 1.4.0)
    - AppAuth/ExternalUserAgent (= 1.4.0)
  - AppAuth/Core (1.4.0)
  - AppAuth/ExternalUserAgent (1.4.0)
  - FBSDKCoreKit (7.0.0):
    - FBSDKCoreKit/Basics (= 7.0.0)
    - FBSDKCoreKit/Core (= 7.0.0)
  - FBSDKCoreKit/Basics (7.0.0)
  - FBSDKCoreKit/Core (7.0.0):
    - FBSDKCoreKit/Basics
  - FBSDKLoginKit (7.0.0):
    - FBSDKLoginKit/Login (= 7.0.0)
  - FBSDKLoginKit/Login (7.0.0):
    - FBSDKCoreKit (~> 7.0.0)
  - GoogleSignIn (5.0.2):
    - AppAuth (~> 1.2)
    - GTMAppAuth (~> 1.0)
    - GTMSessionFetcher/Core (~> 1.1)
  - GTMAppAuth (1.0.0):
    - AppAuth/Core (~> 1.0)
    - GTMSessionFetcher (~> 1.1)
  - GTMSessionFetcher (1.4.0):
    - GTMSessionFetcher/Full (= 1.4.0)
  - GTMSessionFetcher/Core (1.4.0)
  - GTMSessionFetcher/Full (1.4.0):
    - GTMSessionFetcher/Core (= 1.4.0)
  - IQKeyboardManagerSwift (6.5.6)
  - Moya (14.0.0):
    - Moya/Core (= 14.0.0)
  - Moya/Core (14.0.0):
    - Alamofire (~> 5.0)
  - PushNotifications (3.0.4)

DEPENDENCIES:
  - FBSDKCoreKit
  - FBSDKLoginKit
  - GoogleSignIn
  - IQKeyboardManagerSwift
  - Moya
  - PushNotifications

SPEC REPOS:
  trunk:
    - Alamofire
    - AppAuth
    - FBSDKCoreKit
    - FBSDKLoginKit
    - GoogleSignIn
    - GTMAppAuth
    - GTMSessionFetcher
    - IQKeyboardManagerSwift
    - Moya
    - PushNotifications

SPEC CHECKSUMS:
  Alamofire: 3b6a534a3df22db367e4dedeeca73d1ddfcf0e2f
  AppAuth: 31bcec809a638d7bd2f86ea8a52bd45f6e81e7c7
  FBSDKCoreKit: 8ad31cd09f793d1d7e84cf20fd6cebfe80ad318d
  FBSDKLoginKit: 5d1e321dc45ab1fa09198b77fc17c32a06f008c0
  GoogleSignIn: 7137d297ddc022a7e0aa4619c86d72c909fa7213
  GTMAppAuth: 4deac854479704f348309e7b66189e604cf5e01e
  GTMSessionFetcher: 6f5c8abbab8a9bce4bb3f057e317728ec6182b10
  IQKeyboardManagerSwift: c7df9d2deb356c04522f5c4b7b6e4ce4d8ed94fe
  Moya: 5b45dacb75adb009f97fde91c204c1e565d31916
  PushNotifications: 6e3d148e5e129af9d4a9279b288c934f9a7f9066

PODFILE CHECKSUM: d5c83c12ad1561731ea59bb1bd7c4e675ebaa596

COCOAPODS: 1.10.1
